# generated by rye
# use `rye lock` or `rye sync` to update this lockfile
#
# last locked with the following flags:
#   pre: false
#   features: []
#   all-features: false
#   with-sources: false
#   generate-hashes: false
#   universal: false

-e file:.
aiohappyeyeballs==2.4.3
    # via aiohttp
aiohttp==3.10.10
    # via discord-py
aiosignal==1.3.1
    # via aiohttp
anyio==4.6.2.post1
    # via httpx
attrs==24.2.0
    # via aiohttp
certifi==2024.8.30
    # via httpcore
    # via httpx
click==8.1.7
    # via ollamabot
discord-py==2.4.0
    # via ollamabot
frozenlist==1.4.1
    # via aiohttp
    # via aiosignal
h11==0.14.0
    # via httpcore
httpcore==1.0.6
    # via httpx
httpx==0.27.2
    # via ollama
idna==3.10
    # via anyio
    # via httpx
    # via yarl
multidict==6.1.0
    # via aiohttp
    # via yarl
ollama==0.3.3
    # via ollamabot
propcache==0.2.0
    # via yarl
python-dotenv==1.0.1
    # via ollamabot
sniffio==1.3.1
    # via anyio
    # via httpx
yarl==1.15.2
    # via aiohttp
